
Microsoft Visual Studio Solution File, Format Version 12.00
# Visual Studio Version 17
VisualStudioVersion = 17.11.35327.3
MinimumVisualStudioVersion = 10.0.40219.1
Project("{FAE04EC0-301F-11D3-BF4B-00C04F79EFBC}") = "eAppointmentServer.Domain", "eAppointmentServer.Domain\eAppointmentServer.Domain.csproj", "{27372BBC-834E-449C-B2D1-C21C6D9604C7}"
EndProject
Project("{FAE04EC0-301F-11D3-BF4B-00C04F79EFBC}") = "eAppointmentServer.Application", "eAppointmentServer.Application\eAppointmentServer.Application.csproj", "{20E34B53-6601-423F-82E1-D6B3DBAA819E}"
EndProject
Project("{FAE04EC0-301F-11D3-BF4B-00C04F79EFBC}") = "eAppointmentServer.Infrastructure", "eAppointmentServer.Infrastructure\eAppointmentServer.Infrastructure.csproj", "{9DE2351D-34D8-41AC-9F7E-A70D4FE6E63B}"
EndProject
Project("{FAE04EC0-301F-11D3-BF4B-00C04F79EFBC}") = "eAppointmentServer.WebAPI", "eAppointmentServer.WebAPI\eAppointmentServer.WebAPI.csproj", "{30111E8A-A801-4C86-A08B-4E546DA01877}"
EndProject
Global
	GlobalSection(SolutionConfigurationPlatforms) = preSolution
		Debug|Any CPU = Debug|Any CPU
		Release|Any CPU = Release|Any CPU
	EndGlobalSection
	GlobalSection(ProjectConfigurationPlatforms) = postSolution
		{27372BBC-834E-449C-B2D1-C21C6D9604C7}.Debug|Any CPU.ActiveCfg = Debug|Any CPU
		{27372BBC-834E-449C-B2D1-C21C6D9604C7}.Debug|Any CPU.Build.0 = Debug|Any CPU
		{27372BBC-834E-449C-B2D1-C21C6D9604C7}.Release|Any CPU.ActiveCfg = Release|Any CPU
		{27372BBC-834E-449C-B2D1-C21C6D9604C7}.Release|Any CPU.Build.0 = Release|Any CPU
		{20E34B53-6601-423F-82E1-D6B3DBAA819E}.Debug|Any CPU.ActiveCfg = Debug|Any CPU
		{20E34B53-6601-423F-82E1-D6B3DBAA819E}.Debug|Any CPU.Build.0 = Debug|Any CPU
		{20E34B53-6601-423F-82E1-D6B3DBAA819E}.Release|Any CPU.ActiveCfg = Release|Any CPU
		{20E34B53-6601-423F-82E1-D6B3DBAA819E}.Release|Any CPU.Build.0 = Release|Any CPU
		{9DE2351D-34D8-41AC-9F7E-A70D4FE6E63B}.Debug|Any CPU.ActiveCfg = Debug|Any CPU
		{9DE2351D-34D8-41AC-9F7E-A70D4FE6E63B}.Debug|Any CPU.Build.0 = Debug|Any CPU
		{9DE2351D-34D8-41AC-9F7E-A70D4FE6E63B}.Release|Any CPU.ActiveCfg = Release|Any CPU
		{9DE2351D-34D8-41AC-9F7E-A70D4FE6E63B}.Release|Any CPU.Build.0 = Release|Any CPU
		{30111E8A-A801-4C86-A08B-4E546DA01877}.Debug|Any CPU.ActiveCfg = Debug|Any CPU
		{30111E8A-A801-4C86-A08B-4E546DA01877}.Debug|Any CPU.Build.0 = Debug|Any CPU
		{30111E8A-A801-4C86-A08B-4E546DA01877}.Release|Any CPU.ActiveCfg = Release|Any CPU
		{30111E8A-A801-4C86-A08B-4E546DA01877}.Release|Any CPU.Build.0 = Release|Any CPU
	EndGlobalSection
	GlobalSection(SolutionProperties) = preSolution
		HideSolutionNode = FALSE
	EndGlobalSection
	GlobalSection(ExtensibilityGlobals) = postSolution
		SolutionGuid = {B3867C32-F91E-4910-8DB7-F059177033BE}
	EndGlobalSection
EndGlobal
